// !$*UTF8*$!
{
	archiveVersion = 1;
	classes = {
	};
	objectVersion = 50;
	objects = {

/* Begin PBXBuildFile section */
		6D57A3422207B50300EB22FD /* matchesTableViewController.swift in Sources */ = {isa = PBXBuildFile; fileRef = 6D57A3412207B50300EB22FD /* matchesTableViewController.swift */; };
		6D57A3442207B51600EB22FD /* profileViewController.swift in Sources */ = {isa = PBXBuildFile; fileRef = 6D57A3432207B51600EB22FD /* profileViewController.swift */; };
		6D57A3462207B54500EB22FD /* matchesTableViewCell.swift in Sources */ = {isa = PBXBuildFile; fileRef = 6D57A3452207B54500EB22FD /* matchesTableViewCell.swift */; };
		6D7113C62215010700669AEB /* mainProfileViewController.swift in Sources */ = {isa = PBXBuildFile; fileRef = 6D7113C52215010700669AEB /* mainProfileViewController.swift */; };
		6D7113E62219F59B00669AEB /* requests.swift in Sources */ = {isa = PBXBuildFile; fileRef = 6D7113E52219F59B00669AEB /* requests.swift */; };
		7BCAF0C12207BD3C00EE003D /* signupViewController.swift in Sources */ = {isa = PBXBuildFile; fileRef = 7BCAF0C02207BD3C00EE003D /* signupViewController.swift */; };
		91E34061220BBEFF000E2F55 /* settingsController.swift in Sources */ = {isa = PBXBuildFile; fileRef = 91E34060220BBEFF000E2F55 /* settingsController.swift */; };
		E6337AFE220379FD0070A9FF /* AppDelegate.swift in Sources */ = {isa = PBXBuildFile; fileRef = E6337AFD220379FD0070A9FF /* AppDelegate.swift */; };
		E6337B00220379FD0070A9FF /* ViewController.swift in Sources */ = {isa = PBXBuildFile; fileRef = E6337AFF220379FD0070A9FF /* ViewController.swift */; };
		E6337B03220379FD0070A9FF /* Main.storyboard in Resources */ = {isa = PBXBuildFile; fileRef = E6337B01220379FD0070A9FF /* Main.storyboard */; };
		E6337B0522037A000070A9FF /* Assets.xcassets in Resources */ = {isa = PBXBuildFile; fileRef = E6337B0422037A000070A9FF /* Assets.xcassets */; };
		E6337B0822037A000070A9FF /* LaunchScreen.storyboard in Resources */ = {isa = PBXBuildFile; fileRef = E6337B0622037A000070A9FF /* LaunchScreen.storyboard */; };
		E6337B1322037A000070A9FF /* TindentsTests.swift in Sources */ = {isa = PBXBuildFile; fileRef = E6337B1222037A000070A9FF /* TindentsTests.swift */; };
		E6337B1E22037A000070A9FF /* TindentsUITests.swift in Sources */ = {isa = PBXBuildFile; fileRef = E6337B1D22037A000070A9FF /* TindentsUITests.swift */; };
		E6355C662216204900CF8145 /* Tutor.swift in Sources */ = {isa = PBXBuildFile; fileRef = E6355C652216204900CF8145 /* Tutor.swift */; };
		E63ECB4E22087FBC00465723 /* SwipingViewController.swift in Sources */ = {isa = PBXBuildFile; fileRef = E63ECB4D22087FBC00465723 /* SwipingViewController.swift */; };
		E6AB57FC222830A40090FA2B /* TutorViewController.swift in Sources */ = {isa = PBXBuildFile; fileRef = E6AB57FB222830A40090FA2B /* TutorViewController.swift */; };
		E6D51CB622079780005D77C7 /* MainTabController.swift in Sources */ = {isa = PBXBuildFile; fileRef = E6D51CB522079780005D77C7 /* MainTabController.swift */; };
/* End PBXBuildFile section */

/* Begin PBXContainerItemProxy section */
		E6337B0F22037A000070A9FF /* PBXContainerItemProxy */ = {
			isa = PBXContainerItemProxy;
			containerPortal = E6337AF2220379FD0070A9FF /* Project object */;
			proxyType = 1;
			remoteGlobalIDString = E6337AF9220379FD0070A9FF;
			remoteInfo = Tindents;
		};
		E6337B1A22037A000070A9FF /* PBXContainerItemProxy */ = {
			isa = PBXContainerItemProxy;
			containerPortal = E6337AF2220379FD0070A9FF /* Project object */;
			proxyType = 1;
			remoteGlobalIDString = E6337AF9220379FD0070A9FF;
			remoteInfo = Tindents;
		};
/* End PBXContainerItemProxy section */

/* Begin PBXFileReference section */
		6D57A3412207B50300EB22FD /* matchesTableViewController.swift */ = {isa = PBXFileReference; lastKnownFileType = sourcecode.swift; path = matchesTableViewController.swift; sourceTree = "<group>"; };
		6D57A3432207B51600EB22FD /* profileViewController.swift */ = {isa = PBXFileReference; lastKnownFileType = sourcecode.swift; path = profileViewController.swift; sourceTree = "<group>"; };
		6D57A3452207B54500EB22FD /* matchesTableViewCell.swift */ = {isa = PBXFileReference; lastKnownFileType = sourcecode.swift; path = matchesTableViewCell.swift; sourceTree = "<group>"; };
		6D7113C52215010700669AEB /* mainProfileViewController.swift */ = {isa = PBXFileReference; lastKnownFileType = sourcecode.swift; path = mainProfileViewController.swift; sourceTree = "<group>"; };
		6D7113E52219F59B00669AEB /* requests.swift */ = {isa = PBXFileReference; lastKnownFileType = sourcecode.swift; path = requests.swift; sourceTree = "<group>"; };
		7BCAF0C02207BD3C00EE003D /* signupViewController.swift */ = {isa = PBXFileReference; lastKnownFileType = sourcecode.swift; path = signupViewController.swift; sourceTree = "<group>"; };
		91E34060220BBEFF000E2F55 /* settingsController.swift */ = {isa = PBXFileReference; lastKnownFileType = sourcecode.swift; path = settingsController.swift; sourceTree = "<group>"; };
		E6337AFA220379FD0070A9FF /* Tindents.app */ = {isa = PBXFileReference; explicitFileType = wrapper.application; includeInIndex = 0; path = Tindents.app; sourceTree = BUILT_PRODUCTS_DIR; };
		E6337AFD220379FD0070A9FF /* AppDelegate.swift */ = {isa = PBXFileReference; lastKnownFileType = sourcecode.swift; path = AppDelegate.swift; sourceTree = "<group>"; };
		E6337AFF220379FD0070A9FF /* ViewController.swift */ = {isa = PBXFileReference; lastKnownFileType = sourcecode.swift; path = ViewController.swift; sourceTree = "<group>"; };
		E6337B02220379FD0070A9FF /* Base */ = {isa = PBXFileReference; lastKnownFileType = file.storyboard; name = Base; path = Base.lproj/Main.storyboard; sourceTree = "<group>"; };
		E6337B0422037A000070A9FF /* Assets.xcassets */ = {isa = PBXFileReference; lastKnownFileType = folder.assetcatalog; path = Assets.xcassets; sourceTree = "<group>"; };
		E6337B0722037A000070A9FF /* Base */ = {isa = PBXFileReference; lastKnownFileType = file.storyboard; name = Base; path = Base.lproj/LaunchScreen.storyboard; sourceTree = "<group>"; };
		E6337B0922037A000070A9FF /* Info.plist */ = {isa = PBXFileReference; lastKnownFileType = text.plist.xml; path = Info.plist; sourceTree = "<group>"; };
		E6337B0E22037A000070A9FF /* TindentsTests.xctest */ = {isa = PBXFileReference; explicitFileType = wrapper.cfbundle; includeInIndex = 0; path = TindentsTests.xctest; sourceTree = BUILT_PRODUCTS_DIR; };
		E6337B1222037A000070A9FF /* TindentsTests.swift */ = {isa = PBXFileReference; lastKnownFileType = sourcecode.swift; path = TindentsTests.swift; sourceTree = "<group>"; };
		E6337B1422037A000070A9FF /* Info.plist */ = {isa = PBXFileReference; lastKnownFileType = text.plist.xml; path = Info.plist; sourceTree = "<group>"; };
		E6337B1922037A000070A9FF /* TindentsUITests.xctest */ = {isa = PBXFileReference; explicitFileType = wrapper.cfbundle; includeInIndex = 0; path = TindentsUITests.xctest; sourceTree = BUILT_PRODUCTS_DIR; };
		E6337B1D22037A000070A9FF /* TindentsUITests.swift */ = {isa = PBXFileReference; lastKnownFileType = sourcecode.swift; path = TindentsUITests.swift; sourceTree = "<group>"; };
		E6337B1F22037A000070A9FF /* Info.plist */ = {isa = PBXFileReference; lastKnownFileType = text.plist.xml; path = Info.plist; sourceTree = "<group>"; };
		E6355C652216204900CF8145 /* Tutor.swift */ = {isa = PBXFileReference; lastKnownFileType = sourcecode.swift; path = Tutor.swift; sourceTree = "<group>"; };
		E63ECB4D22087FBC00465723 /* SwipingViewController.swift */ = {isa = PBXFileReference; lastKnownFileType = sourcecode.swift; path = SwipingViewController.swift; sourceTree = "<group>"; };
		E6AB57FB222830A40090FA2B /* TutorViewController.swift */ = {isa = PBXFileReference; lastKnownFileType = sourcecode.swift; path = TutorViewController.swift; sourceTree = "<group>"; };
		E6D51CB522079780005D77C7 /* MainTabController.swift */ = {isa = PBXFileReference; lastKnownFileType = sourcecode.swift; path = MainTabController.swift; sourceTree = "<group>"; };
/* End PBXFileReference section */

/* Begin PBXFrameworksBuildPhase section */
		E6337AF7220379FD0070A9FF /* Frameworks */ = {
			isa = PBXFrameworksBuildPhase;
			buildActionMask = 2147483647;
			files = (
			);
			runOnlyForDeploymentPostprocessing = 0;
		};
		E6337B0B22037A000070A9FF /* Frameworks */ = {
			isa = PBXFrameworksBuildPhase;
			buildActionMask = 2147483647;
			files = (
			);
			runOnlyForDeploymentPostprocessing = 0;
		};
		E6337B1622037A000070A9FF /* Frameworks */ = {
			isa = PBXFrameworksBuildPhase;
			buildActionMask = 2147483647;
			files = (
			);
			runOnlyForDeploymentPostprocessing = 0;
		};
/* End PBXFrameworksBuildPhase section */

/* Begin PBXGroup section */
		E6337AF1220379FD0070A9FF = {
			isa = PBXGroup;
			children = (
				E6337AFC220379FD0070A9FF /* Tindents */,
				E6337B1122037A000070A9FF /* TindentsTests */,
				E6337B1C22037A000070A9FF /* TindentsUITests */,
				E6337AFB220379FD0070A9FF /* Products */,
			);
			sourceTree = "<group>";
		};
		E6337AFB220379FD0070A9FF /* Products */ = {
			isa = PBXGroup;
			children = (
				E6337AFA220379FD0070A9FF /* Tindents.app */,
				E6337B0E22037A000070A9FF /* TindentsTests.xctest */,
				E6337B1922037A000070A9FF /* TindentsUITests.xctest */,
			);
			name = Products;
			sourceTree = "<group>";
		};
		E6337AFC220379FD0070A9FF /* Tindents */ = {
			isa = PBXGroup;
			children = (
				E6337AFD220379FD0070A9FF /* AppDelegate.swift */,
				E6337AFF220379FD0070A9FF /* ViewController.swift */,
				E6337B01220379FD0070A9FF /* Main.storyboard */,
				E6337B0422037A000070A9FF /* Assets.xcassets */,
				E6337B0622037A000070A9FF /* LaunchScreen.storyboard */,
				E6337B0922037A000070A9FF /* Info.plist */,
				E6D51CB522079780005D77C7 /* MainTabController.swift */,
				91E34060220BBEFF000E2F55 /* settingsController.swift */,
				6D7113E52219F59B00669AEB /* requests.swift */,
				6D57A3432207B51600EB22FD /* profileViewController.swift */,
				6D7113C52215010700669AEB /* mainProfileViewController.swift */,
				6D57A3412207B50300EB22FD /* matchesTableViewController.swift */,
				6D57A3452207B54500EB22FD /* matchesTableViewCell.swift */,
				7BCAF0C02207BD3C00EE003D /* signupViewController.swift */,
				E63ECB4D22087FBC00465723 /* SwipingViewController.swift */,
				E6355C652216204900CF8145 /* Tutor.swift */,
				E6AB57FB222830A40090FA2B /* TutorViewController.swift */,
			);
			path = Tindents;
			sourceTree = "<group>";
		};
		E6337B1122037A000070A9FF /* TindentsTests */ = {
			isa = PBXGroup;
			children = (
				E6337B1222037A000070A9FF /* TindentsTests.swift */,
				E6337B1422037A000070A9FF /* Info.plist */,
			);
			path = TindentsTests;
			sourceTree = "<group>";
		};
		E6337B1C22037A000070A9FF /* TindentsUITests */ = {
			isa = PBXGroup;
			children = (
				E6337B1D22037A000070A9FF /* TindentsUITests.swift */,
				E6337B1F22037A000070A9FF /* Info.plist */,
			);
			path = TindentsUITests;
			sourceTree = "<group>";
		};
/* End PBXGroup section */

/* Begin PBXNativeTarget section */
		E6337AF9220379FD0070A9FF /* Tindents */ = {
			isa = PBXNativeTarget;
			buildConfigurationList = E6337B2222037A000070A9FF /* Build configuration list for PBXNativeTarget "Tindents" */;
			buildPhases = (
				E6337AF6220379FD0070A9FF /* Sources */,
				E6337AF7220379FD0070A9FF /* Frameworks */,
				E6337AF8220379FD0070A9FF /* Resources */,
			);
			buildRules = (
			);
			dependencies = (
			);
			name = Tindents;
			productName = Tindents;
			productReference = E6337AFA220379FD0070A9FF /* Tindents.app */;
			productType = "com.apple.product-type.application";
		};
		E6337B0D22037A000070A9FF /* TindentsTests */ = {
			isa = PBXNativeTarget;
			buildConfigurationList = E6337B2522037A000070A9FF /* Build configuration list for PBXNativeTarget "TindentsTests" */;
			buildPhases = (
				E6337B0A22037A000070A9FF /* Sources */,
				E6337B0B22037A000070A9FF /* Frameworks */,
				E6337B0C22037A000070A9FF /* Resources */,
			);
			buildRules = (
			);
			dependencies = (
				E6337B1022037A000070A9FF /* PBXTargetDependency */,
			);
			name = TindentsTests;
			productName = TindentsTests;
			productReference = E6337B0E22037A000070A9FF /* TindentsTests.xctest */;
			productType = "com.apple.product-type.bundle.unit-test";
		};
		E6337B1822037A000070A9FF /* TindentsUITests */ = {
			isa = PBXNativeTarget;
			buildConfigurationList = E6337B2822037A000070A9FF /* Build configuration list for PBXNativeTarget "TindentsUITests" */;
			buildPhases = (
				E6337B1522037A000070A9FF /* Sources */,
				E6337B1622037A000070A9FF /* Frameworks */,
				E6337B1722037A000070A9FF /* Resources */,
			);
			buildRules = (
			);
			dependencies = (
				E6337B1B22037A000070A9FF /* PBXTargetDependency */,
			);
			name = TindentsUITests;
			productName = TindentsUITests;
			productReference = E6337B1922037A000070A9FF /* TindentsUITests.xctest */;
			productType = "com.apple.product-type.bundle.ui-testing";
		};
/* End PBXNativeTarget section */

/* Begin PBXProject section */
		E6337AF2220379FD0070A9FF /* Project object */ = {
			isa = PBXProject;
			attributes = {
				LastSwiftUpdateCheck = 1010;
				LastUpgradeCheck = 1010;
				ORGANIZATIONNAME = "Rahul Balla";
				TargetAttributes = {
					E6337AF9220379FD0070A9FF = {
						CreatedOnToolsVersion = 10.1;
					};
					E6337B0D22037A000070A9FF = {
						CreatedOnToolsVersion = 10.1;
						TestTargetID = E6337AF9220379FD0070A9FF;
					};
					E6337B1822037A000070A9FF = {
						CreatedOnToolsVersion = 10.1;
						TestTargetID = E6337AF9220379FD0070A9FF;
					};
				};
			};
			buildConfigurationList = E6337AF5220379FD0070A9FF /* Build configuration list for PBXProject "Tindents" */;
			compatibilityVersion = "Xcode 9.3";
			developmentRegion = en;
			hasScannedForEncodings = 0;
			knownRegions = (
				en,
				Base,
			);
			mainGroup = E6337AF1220379FD0070A9FF;
			productRefGroup = E6337AFB220379FD0070A9FF /* Products */;
			projectDirPath = "";
			projectRoot = "";
			targets = (
				E6337AF9220379FD0070A9FF /* Tindents */,
				E6337B0D22037A000070A9FF /* TindentsTests */,
				E6337B1822037A000070A9FF /* TindentsUITests */,
			);
		};
/* End PBXProject section */

/* Begin PBXResourcesBuildPhase section */
		E6337AF8220379FD0070A9FF /* Resources */ = {
			isa = PBXResourcesBuildPhase;
			buildActionMask = 2147483647;
			files = (
				E6337B0822037A000070A9FF /* LaunchScreen.storyboard in Resources */,
				E6337B0522037A000070A9FF /* Assets.xcassets in Resources */,
				E6337B03220379FD0070A9FF /* Main.storyboard in Resources */,
			);
			runOnlyForDeploymentPostprocessing = 0;
		};
		E6337B0C22037A000070A9FF /* Resources */ = {
			isa = PBXResourcesBuildPhase;
			buildActionMask = 2147483647;
			files = (
			);
			runOnlyForDeploymentPostprocessing = 0;
		};
		E6337B1722037A000070A9FF /* Resources */ = {
			isa = PBXResourcesBuildPhase;
			buildActionMask = 2147483647;
			files = (
			);
			runOnlyForDeploymentPostprocessing = 0;
		};
/* End PBXResourcesBuildPhase section */

/* Begin PBXSourcesBuildPhase section */
		E6337AF6220379FD0070A9FF /* Sources */ = {
			isa = PBXSourcesBuildPhase;
			buildActionMask = 2147483647;
			files = (
				E6337B00220379FD0070A9FF /* ViewController.swift in Sources */,
				6D7113E62219F59B00669AEB /* requests.swift in Sources */,
				E6355C662216204900CF8145 /* Tutor.swift in Sources */,
				E6337AFE220379FD0070A9FF /* AppDelegate.swift in Sources */,
				6D57A3422207B50300EB22FD /* matchesTableViewController.swift in Sources */,
				6D57A3442207B51600EB22FD /* profileViewController.swift in Sources */,
				E6D51CB622079780005D77C7 /* MainTabController.swift in Sources */,
				6D7113C62215010700669AEB /* mainProfileViewController.swift in Sources */,
				E6AB57FC222830A40090FA2B /* TutorViewController.swift in Sources */,
				91E34061220BBEFF000E2F55 /* settingsController.swift in Sources */,
				7BCAF0C12207BD3C00EE003D /* signupViewController.swift in Sources */,
				E63ECB4E22087FBC00465723 /* SwipingViewController.swift in Sources */,
				6D57A3462207B54500EB22FD /* matchesTableViewCell.swift in Sources */,
			);
			runOnlyForDeploymentPostprocessing = 0;
		};
		E6337B0A22037A000070A9FF /* Sources */ = {
			isa = PBXSourcesBuildPhase;
			buildActionMask = 2147483647;
			files = (
				E6337B1322037A000070A9FF /* TindentsTests.swift in Sources */,
			);
			runOnlyForDeploymentPostprocessing = 0;
		};
		E6337B1522037A000070A9FF /* Sources */ = {
			isa = PBXSourcesBuildPhase;
			buildActionMask = 2147483647;
			files = (
				E6337B1E22037A000070A9FF /* TindentsUITests.swift in Sources */,
			);
			runOnlyForDeploymentPostprocessing = 0;
		};
/* End PBXSourcesBuildPhase section */

/* Begin PBXTargetDependency section */
		E6337B1022037A000070A9FF /* PBXTargetDependency */ = {
			isa = PBXTargetDependency;
			target = E6337AF9220379FD0070A9FF /* Tindents */;
			targetProxy = E6337B0F22037A000070A9FF /* PBXContainerItemProxy */;
		};
		E6337B1B22037A000070A9FF /* PBXTargetDependency */ = {
			isa = PBXTargetDependency;
			target = E6337AF9220379FD0070A9FF /* Tindents */;
			targetProxy = E6337B1A22037A000070A9FF /* PBXContainerItemProxy */;
		};
/* End PBXTargetDependency section */

/* Begin PBXVariantGroup section */
		E6337B01220379FD0070A9FF /* Main.storyboard */ = {
			isa = PBXVariantGroup;
			children = (
				E6337B02220379FD0070A9FF /* Base */,
			);
			name = Main.storyboard;
			sourceTree = "<group>";
		};
		E6337B0622037A000070A9FF /* LaunchScreen.storyboard */ = {
			isa = PBXVariantGroup;
			children = (
				E6337B0722037A000070A9FF /* Base */,
			);
			name = LaunchScreen.storyboard;
			sourceTree = "<group>";
		};
/* End PBXVariantGroup section */

/* Begin XCBuildConfiguration section */
		E6337B2022037A000070A9FF /* Debug */ = {
			isa = XCBuildConfiguration;
			buildSettings = {
				ALWAYS_SEARCH_USER_PATHS = NO;
				CLANG_ANALYZER_NONNULL = YES;
				CLANG_ANALYZER_NUMBER_OBJECT_CONVERSION = YES_AGGRESSIVE;
				CLANG_CXX_LANGUAGE_STANDARD = "gnu++14";
				CLANG_CXX_LIBRARY = "libc++";
				CLANG_ENABLE_MODULES = YES;
				CLANG_ENABLE_OBJC_ARC = YES;
				CLANG_ENABLE_OBJC_WEAK = YES;
				CLANG_WARN_BLOCK_CAPTURE_AUTORELEASING = YES;
				CLANG_WARN_BOOL_CONVERSION = YES;
				CLANG_WARN_COMMA = YES;
				CLANG_WARN_CONSTANT_CONVERSION = YES;
				CLANG_WARN_DEPRECATED_OBJC_IMPLEMENTATIONS = YES;
				CLANG_WARN_DIRECT_OBJC_ISA_USAGE = YES_ERROR;
				CLANG_WARN_DOCUMENTATION_COMMENTS = YES;
				CLANG_WARN_EMPTY_BODY = YES;
				CLANG_WARN_ENUM_CONVERSION = YES;
				CLANG_WARN_INFINITE_RECURSION = YES;
				CLANG_WARN_INT_CONVERSION = YES;
				CLANG_WARN_NON_LITERAL_NULL_CONVERSION = YES;
				CLANG_WARN_OBJC_IMPLICIT_RETAIN_SELF = YES;
				CLANG_WARN_OBJC_LITERAL_CONVERSION = YES;
				CLANG_WARN_OBJC_ROOT_CLASS = YES_ERROR;
				CLANG_WARN_RANGE_LOOP_ANALYSIS = YES;
				CLANG_WARN_STRICT_PROTOTYPES = YES;
				CLANG_WARN_SUSPICIOUS_MOVE = YES;
				CLANG_WARN_UNGUARDED_AVAILABILITY = YES_AGGRESSIVE;
				CLANG_WARN_UNREACHABLE_CODE = YES;
				CLANG_WARN__DUPLICATE_METHOD_MATCH = YES;
				CODE_SIGN_IDENTITY = "iPhone Developer";
				COPY_PHASE_STRIP = NO;
				DEBUG_INFORMATION_FORMAT = dwarf;
				ENABLE_STRICT_OBJC_MSGSEND = YES;
				ENABLE_TESTABILITY = YES;
				GCC_C_LANGUAGE_STANDARD = gnu11;
				GCC_DYNAMIC_NO_PIC = NO;
				GCC_NO_COMMON_BLOCKS = YES;
				GCC_OPTIMIZATION_LEVEL = 0;
				GCC_PREPROCESSOR_DEFINITIONS = (
					"DEBUG=1",
					"$(inherited)",
				);
				GCC_WARN_64_TO_32_BIT_CONVERSION = YES;
				GCC_WARN_ABOUT_RETURN_TYPE = YES_ERROR;
				GCC_WARN_UNDECLARED_SELECTOR = YES;
				GCC_WARN_UNINITIALIZED_AUTOS = YES_AGGRESSIVE;
				GCC_WARN_UNUSED_FUNCTION = YES;
				GCC_WARN_UNUSED_VARIABLE = YES;
				IPHONEOS_DEPLOYMENT_TARGET = 12.1;
				MTL_ENABLE_DEBUG_INFO = INCLUDE_SOURCE;
				MTL_FAST_MATH = YES;
				ONLY_ACTIVE_ARCH = YES;
				SDKROOT = iphoneos;
				SWIFT_ACTIVE_COMPILATION_CONDITIONS = DEBUG;
				SWIFT_OPTIMIZATION_LEVEL = "-Onone";
			};
			name = Debug;
		};
		E6337B2122037A000070A9FF /* Release */ = {
			isa = XCBuildConfiguration;
			buildSettings = {
				ALWAYS_SEARCH_USER_PATHS = NO;
				CLANG_ANALYZER_NONNULL = YES;
				CLANG_ANALYZER_NUMBER_OBJECT_CONVERSION = YES_AGGRESSIVE;
				CLANG_CXX_LANGUAGE_STANDARD = "gnu++14";
				CLANG_CXX_LIBRARY = "libc++";
				CLANG_ENABLE_MODULES = YES;
				CLANG_ENABLE_OBJC_ARC = YES;
				CLANG_ENABLE_OBJC_WEAK = YES;
				CLANG_WARN_BLOCK_CAPTURE_AUTORELEASING = YES;
				CLANG_WARN_BOOL_CONVERSION = YES;
				CLANG_WARN_COMMA = YES;
				CLANG_WARN_CONSTANT_CONVERSION = YES;
				CLANG_WARN_DEPRECATED_OBJC_IMPLEMENTATIONS = YES;
				CLANG_WARN_DIRECT_OBJC_ISA_USAGE = YES_ERROR;
				CLANG_WARN_DOCUMENTATION_COMMENTS = YES;
				CLANG_WARN_EMPTY_BODY = YES;
				CLANG_WARN_ENUM_CONVERSION = YES;
				CLANG_WARN_INFINITE_RECURSION = YES;
				CLANG_WARN_INT_CONVERSION = YES;
				CLANG_WARN_NON_LITERAL_NULL_CONVERSION = YES;
				CLANG_WARN_OBJC_IMPLICIT_RETAIN_SELF = YES;
				CLANG_WARN_OBJC_LITERAL_CONVERSION = YES;
				CLANG_WARN_OBJC_ROOT_CLASS = YES_ERROR;
				CLANG_WARN_RANGE_LOOP_ANALYSIS = YES;
				CLANG_WARN_STRICT_PROTOTYPES = YES;
				CLANG_WARN_SUSPICIOUS_MOVE = YES;
				CLANG_WARN_UNGUARDED_AVAILABILITY = YES_AGGRESSIVE;
				CLANG_WARN_UNREACHABLE_CODE = YES;
				CLANG_WARN__DUPLICATE_METHOD_MATCH = YES;
				CODE_SIGN_IDENTITY = "iPhone Developer";
				COPY_PHASE_STRIP = NO;
				DEBUG_INFORMATION_FORMAT = "dwarf-with-dsym";
				ENABLE_NS_ASSERTIONS = NO;
				ENABLE_STRICT_OBJC_MSGSEND = YES;
				GCC_C_LANGUAGE_STANDARD = gnu11;
				GCC_NO_COMMON_BLOCKS = YES;
				GCC_WARN_64_TO_32_BIT_CONVERSION = YES;
				GCC_WARN_ABOUT_RETURN_TYPE = YES_ERROR;
				GCC_WARN_UNDECLARED_SELECTOR = YES;
				GCC_WARN_UNINITIALIZED_AUTOS = YES_AGGRESSIVE;
				GCC_WARN_UNUSED_FUNCTION = YES;
				GCC_WARN_UNUSED_VARIABLE = YES;
				IPHONEOS_DEPLOYMENT_TARGET = 12.1;
				MTL_ENABLE_DEBUG_INFO = NO;
				MTL_FAST_MATH = YES;
				SDKROOT = iphoneos;
				SWIFT_COMPILATION_MODE = wholemodule;
				SWIFT_OPTIMIZATION_LEVEL = "-O";
				VALIDATE_PRODUCT = YES;
			};
			name = Release;
		};
		E6337B2322037A000070A9FF /* Debug */ = {
			isa = XCBuildConfiguration;
			buildSettings = {
				ASSETCATALOG_COMPILER_APPICON_NAME = AppIcon;
				CODE_SIGN_STYLE = Automatic;
				DEVELOPMENT_TEAM = 5ALH2WQ2PT;
				INFOPLIST_FILE = Tindents/Info.plist;
				LD_RUNPATH_SEARCH_PATHS = (
					"$(inherited)",
					"@executable_path/Frameworks",
				);
				PRODUCT_BUNDLE_IDENTIFIER = com.RahulBalla.Tindents2;
				PRODUCT_NAME = "$(TARGET_NAME)";
				SWIFT_VERSION = 4.2;
				TARGETED_DEVICE_FAMILY = "1,2";
			};
			name = Debug;
		};
		E6337B2422037A000070A9FF /* Release */ = {
			isa = XCBuildConfiguration;
			buildSettings = {
				ASSETCATALOG_COMPILER_APPICON_NAME = AppIcon;
				CODE_SIGN_STYLE = Automatic;
				DEVELOPMENT_TEAM = 5ALH2WQ2PT;
				INFOPLIST_FILE = Tindents/Info.plist;
				LD_RUNPATH_SEARCH_PATHS = (
					"$(inherited)",
					"@executable_path/Frameworks",
				);
				PRODUCT_BUNDLE_IDENTIFIER = com.RahulBalla.Tindents2;
				PRODUCT_NAME = "$(TARGET_NAME)";
				SWIFT_VERSION = 4.2;
				TARGETED_DEVICE_FAMILY = "1,2";
			};
			name = Release;
		};
		E6337B2622037A000070A9FF /* Debug */ = {
			isa = XCBuildConfiguration;
			buildSettings = {
				ALWAYS_EMBED_SWIFT_STANDARD_LIBRARIES = YES;
				BUNDLE_LOADER = "$(TEST_HOST)";
				CODE_SIGN_STYLE = Automatic;
				DEVELOPMENT_TEAM = 5ALH2WQ2PT;
				INFOPLIST_FILE = TindentsTests/Info.plist;
				LD_RUNPATH_SEARCH_PATHS = (
					"$(inherited)",
					"@executable_path/Frameworks",
					"@loader_path/Frameworks",
				);
				PRODUCT_BUNDLE_IDENTIFIER = com.RahulBalla.TindentsTests;
				PRODUCT_NAME = "$(TARGET_NAME)";
				SWIFT_VERSION = 4.2;
				TARGETED_DEVICE_FAMILY = "1,2";
				TEST_HOST = "$(BUILT_PRODUCTS_DIR)/Tindents.app/Tindents";
			};
			name = Debug;
		};
		E6337B2722037A000070A9FF /* Release */ = {
			isa = XCBuildConfiguration;
			buildSettings = {
				ALWAYS_EMBED_SWIFT_STANDARD_LIBRARIES = YES;
				BUNDLE_LOADER = "$(TEST_HOST)";
				CODE_SIGN_STYLE = Automatic;
				DEVELOPMENT_TEAM = 5ALH2WQ2PT;
				INFOPLIST_FILE = TindentsTests/Info.plist;
				LD_RUNPATH_SEARCH_PATHS = (
					"$(inherited)",
					"@executable_path/Frameworks",
					"@loader_path/Frameworks",
				);
				PRODUCT_BUNDLE_IDENTIFIER = com.RahulBalla.TindentsTests;
				PRODUCT_NAME = "$(TARGET_NAME)";
				SWIFT_VERSION = 4.2;
				TARGETED_DEVICE_FAMILY = "1,2";
				TEST_HOST = "$(BUILT_PRODUCTS_DIR)/Tindents.app/Tindents";
			};
			name = Release;
		};
		E6337B2922037A000070A9FF /* Debug */ = {
			isa = XCBuildConfiguration;
			buildSettings = {
				ALWAYS_EMBED_SWIFT_STANDARD_LIBRARIES = YES;
				CODE_SIGN_STYLE = Automatic;
				DEVELOPMENT_TEAM = 5ALH2WQ2PT;
				INFOPLIST_FILE = TindentsUITests/Info.plist;
				LD_RUNPATH_SEARCH_PATHS = (
					"$(inherited)",
					"@executable_path/Frameworks",
					"@loader_path/Frameworks",
				);
				PRODUCT_BUNDLE_IDENTIFIER = com.RahulBalla.TindentsUITests;
				PRODUCT_NAME = "$(TARGET_NAME)";
				SWIFT_VERSION = 4.2;
				TARGETED_DEVICE_FAMILY = "1,2";
				TEST_TARGET_NAME = Tindents;
			};
			name = Debug;
		};
		E6337B2A22037A000070A9FF /* Release */ = {
			isa = XCBuildConfiguration;
			buildSettings = {
				ALWAYS_EMBED_SWIFT_STANDARD_LIBRARIES = YES;
				CODE_SIGN_STYLE = Automatic;
				DEVELOPMENT_TEAM = 5ALH2WQ2PT;
				INFOPLIST_FILE = TindentsUITests/Info.plist;
				LD_RUNPATH_SEARCH_PATHS = (
					"$(inherited)",
					"@executable_path/Frameworks",
					"@loader_path/Frameworks",
				);
				PRODUCT_BUNDLE_IDENTIFIER = com.RahulBalla.TindentsUITests;
				PRODUCT_NAME = "$(TARGET_NAME)";
				SWIFT_VERSION = 4.2;
				TARGETED_DEVICE_FAMILY = "1,2";
				TEST_TARGET_NAME = Tindents;
			};
			name = Release;
		};
/* End XCBuildConfiguration section */

/* Begin XCConfigurationList section */
		E6337AF5220379FD0070A9FF /* Build configuration list for PBXProject "Tindents" */ = {
			isa = XCConfigurationList;
			buildConfigurations = (
				E6337B2022037A000070A9FF /* Debug */,
				E6337B2122037A000070A9FF /* Release */,
			);
			defaultConfigurationIsVisible = 0;
			defaultConfigurationName = Release;
		};
		E6337B2222037A000070A9FF /* Build configuration list for PBXNativeTarget "Tindents" */ = {
			isa = XCConfigurationList;
			buildConfigurations = (
				E6337B2322037A000070A9FF /* Debug */,
				E6337B2422037A000070A9FF /* Release */,
			);
			defaultConfigurationIsVisible = 0;
			defaultConfigurationName = Release;
		};
		E6337B2522037A000070A9FF /* Build configuration list for PBXNativeTarget "TindentsTests" */ = {
			isa = XCConfigurationList;
			buildConfigurations = (
				E6337B2622037A000070A9FF /* Debug */,
				E6337B2722037A000070A9FF /* Release */,
			);
			defaultConfigurationIsVisible = 0;
			defaultConfigurationName = Release;
		};
		E6337B2822037A000070A9FF /* Build configuration list for PBXNativeTarget "TindentsUITests" */ = {
			isa = XCConfigurationList;
			buildConfigurations = (
				E6337B2922037A000070A9FF /* Debug */,
				E6337B2A22037A000070A9FF /* Release */,
			);
			defaultConfigurationIsVisible = 0;
			defaultConfigurationName = Release;
		};
/* End XCConfigurationList section */
	};
	rootObject = E6337AF2220379FD0070A9FF /* Project object */;
}
